
Microsoft Visual Studio Solution File, Format Version 12.00
# Visual Studio Version 16
VisualStudioVersion = 16.0.28917.181
MinimumVisualStudioVersion = 10.0.40219.1
Project("{FAE04EC0-301F-11D3-BF4B-00C04F79EFBC}") = "DevSample", "DevSample.csproj", "{ADA0D37B-1E27-4C1D-94A7-B8BAB4F96E96}"
EndProject
Global
	GlobalSection(SolutionConfigurationPlatforms) = preSolution
		Debug|Any CPU = Debug|Any CPU
		Release|Any CPU = Release|Any CPU
	EndGlobalSection
	GlobalSection(ProjectConfigurationPlatforms) = postSolution
		{ADA0D37B-1E27-4C1D-94A7-B8BAB4F96E96}.Debug|Any CPU.ActiveCfg = Debug|Any CPU
		{ADA0D37B-1E27-4C1D-94A7-B8BAB4F96E96}.Debug|Any CPU.Build.0 = Debug|Any CPU
		{ADA0D37B-1E27-4C1D-94A7-B8BAB4F96E96}.Release|Any CPU.ActiveCfg = Release|Any CPU
		{ADA0D37B-1E27-4C1D-94A7-B8BAB4F96E96}.Release|Any CPU.Build.0 = Release|Any CPU
	EndGlobalSection
	GlobalSection(SolutionProperties) = preSolution
		HideSolutionNode = FALSE
	EndGlobalSection
	GlobalSection(ExtensibilityGlobals) = postSolution
		SolutionGuid = {ACF11FDB-3B83-4D65-A0A3-333573904F79}
	EndGlobalSection
EndGlobal
